
Microsoft Visual Studio Solution File, Format Version 12.00
# Visual Studio Version 16
VisualStudioVersion = 16.0.31025.194
MinimumVisualStudioVersion = 10.0.40219.1
Project("{9A19103F-16F7-4668-BE54-9A1E7A4F7556}") = "IdentityServerAspNetIdentity", "IdentityServerAspNetIdentity\IdentityServerAspNetIdentity.csproj", "{5DB0AC2E-E3CF-45EE-AAD8-59012FD2F058}"
EndProject
Project("{9A19103F-16F7-4668-BE54-9A1E7A4F7556}") = "Api", "Api\Api.csproj", "{CDF92E91-C1FE-4A21-8C8D-E6FEDAC8C1A6}"
EndProject
Project("{9A19103F-16F7-4668-BE54-9A1E7A4F7556}") = "MvcClient", "MvcClient\MvcClient.csproj", "{E45913D8-F12F-4DEA-9CD3-D7936D6CDB56}"
EndProject
Project("{9A19103F-16F7-4668-BE54-9A1E7A4F7556}") = "Client", "Client\Client.csproj", "{263C64E3-B511-4075-9EDA-377020E7C3A8}"
EndProject
Global
	GlobalSection(SolutionConfigurationPlatforms) = preSolution
		Debug|Any CPU = Debug|Any CPU
		Release|Any CPU = Release|Any CPU
	EndGlobalSection
	GlobalSection(ProjectConfigurationPlatforms) = postSolution
		{5DB0AC2E-E3CF-45EE-AAD8-59012FD2F058}.Debug|Any CPU.ActiveCfg = Debug|Any CPU
		{5DB0AC2E-E3CF-45EE-AAD8-59012FD2F058}.Debug|Any CPU.Build.0 = Debug|Any CPU
		{5DB0AC2E-E3CF-45EE-AAD8-59012FD2F058}.Release|Any CPU.ActiveCfg = Release|Any CPU
		{5DB0AC2E-E3CF-45EE-AAD8-59012FD2F058}.Release|Any CPU.Build.0 = Release|Any CPU
		{CDF92E91-C1FE-4A21-8C8D-E6FEDAC8C1A6}.Debug|Any CPU.ActiveCfg = Debug|Any CPU
		{CDF92E91-C1FE-4A21-8C8D-E6FEDAC8C1A6}.Debug|Any CPU.Build.0 = Debug|Any CPU
		{CDF92E91-C1FE-4A21-8C8D-E6FEDAC8C1A6}.Release|Any CPU.ActiveCfg = Release|Any CPU
		{CDF92E91-C1FE-4A21-8C8D-E6FEDAC8C1A6}.Release|Any CPU.Build.0 = Release|Any CPU
		{E45913D8-F12F-4DEA-9CD3-D7936D6CDB56}.Debug|Any CPU.ActiveCfg = Debug|Any CPU
		{E45913D8-F12F-4DEA-9CD3-D7936D6CDB56}.Debug|Any CPU.Build.0 = Debug|Any CPU
		{E45913D8-F12F-4DEA-9CD3-D7936D6CDB56}.Release|Any CPU.ActiveCfg = Release|Any CPU
		{E45913D8-F12F-4DEA-9CD3-D7936D6CDB56}.Release|Any CPU.Build.0 = Release|Any CPU
		{263C64E3-B511-4075-9EDA-377020E7C3A8}.Debug|Any CPU.ActiveCfg = Debug|Any CPU
		{263C64E3-B511-4075-9EDA-377020E7C3A8}.Debug|Any CPU.Build.0 = Debug|Any CPU
		{263C64E3-B511-4075-9EDA-377020E7C3A8}.Release|Any CPU.ActiveCfg = Release|Any CPU
		{263C64E3-B511-4075-9EDA-377020E7C3A8}.Release|Any CPU.Build.0 = Release|Any CPU
	EndGlobalSection
	GlobalSection(SolutionProperties) = preSolution
		HideSolutionNode = FALSE
	EndGlobalSection
	GlobalSection(ExtensibilityGlobals) = postSolution
		SolutionGuid = {ECB7DA39-6591-432A-AE48-DB1A8D71A4FD}
	EndGlobalSection
EndGlobal
