
Microsoft Visual Studio Solution File, Format Version 12.00
# Visual Studio Version 16
VisualStudioVersion = 16.0.31019.35
MinimumVisualStudioVersion = 10.0.40219.1
Project("{9A19103F-16F7-4668-BE54-9A1E7A4F7556}") = "Identity.API", "Identity.API\Identity.API.csproj", "{AA2C5CE8-C7E0-454D-9204-8281DA1ED7E1}"
EndProject
Global
	GlobalSection(SolutionConfigurationPlatforms) = preSolution
		Debug|Any CPU = Debug|Any CPU
		Release|Any CPU = Release|Any CPU
	EndGlobalSection
	GlobalSection(ProjectConfigurationPlatforms) = postSolution
		{AA2C5CE8-C7E0-454D-9204-8281DA1ED7E1}.Debug|Any CPU.ActiveCfg = Debug|Any CPU
		{AA2C5CE8-C7E0-454D-9204-8281DA1ED7E1}.Debug|Any CPU.Build.0 = Debug|Any CPU
		{AA2C5CE8-C7E0-454D-9204-8281DA1ED7E1}.Release|Any CPU.ActiveCfg = Release|Any CPU
		{AA2C5CE8-C7E0-454D-9204-8281DA1ED7E1}.Release|Any CPU.Build.0 = Release|Any CPU
	EndGlobalSection
	GlobalSection(SolutionProperties) = preSolution
		HideSolutionNode = FALSE
	EndGlobalSection
	GlobalSection(ExtensibilityGlobals) = postSolution
		SolutionGuid = {AA1A0822-A4F4-472A-848F-15AEA412FA28}
	EndGlobalSection
EndGlobal
